
Microsoft Visual Studio Solution File, Format Version 12.00
# Visual Studio Version 17
VisualStudioVersion = 17.11.35327.3
MinimumVisualStudioVersion = 10.0.40219.1
Project("{9A19103F-16F7-4668-BE54-9A1E7A4F7556}") = "Boardtschek.WebAPI", "Boardtschek.WebAPI\Boardtschek.WebAPI.csproj", "{073C3901-F353-4DA7-9A66-00AA9887D4BE}"
EndProject
Project("{2150E333-8FDC-42A3-9474-1A3956D46DE8}") = "Data", "Data", "{6E4ED113-9A2C-46EB-861E-89E5E264D214}"
EndProject
Project("{2150E333-8FDC-42A3-9474-1A3956D46DE8}") = "Web", "Web", "{75CCB690-29E8-4A30-A8E0-5637E8E4FDD4}"
EndProject
Project("{2150E333-8FDC-42A3-9474-1A3956D46DE8}") = "Services", "Services", "{C97703CC-7291-43BE-BC23-95AB3C145812}"
EndProject
Project("{9A19103F-16F7-4668-BE54-9A1E7A4F7556}") = "Boardtschek.Data", "Boardtschek.Data\Boardtschek.Data.csproj", "{BF6A248A-31EC-4988-AB9D-1772C86A0084}"
EndProject
Project("{9A19103F-16F7-4668-BE54-9A1E7A4F7556}") = "Boardtschek.Data.Models", "Boardtschek.Data.Models\Boardtschek.Data.Models.csproj", "{3E50551F-0BCE-4DBF-BF6B-A231176513EE}"
EndProject
Project("{9A19103F-16F7-4668-BE54-9A1E7A4F7556}") = "Boardtschek.Common", "Boardtschek.Common\Boardtschek.Common.csproj", "{D8D479BB-F7E5-4420-B71E-B7D7968B046A}"
EndProject
Project("{FAE04EC0-301F-11D3-BF4B-00C04F79EFBC}") = "Boardtschek.WebAPI.ViewModels", "Boardtschek.WebAPI.ViewModels\Boardtschek.WebAPI.ViewModels.csproj", "{19286527-B8AB-4714-8200-088ED0185C65}"
EndProject
Project("{FAE04EC0-301F-11D3-BF4B-00C04F79EFBC}") = "Boardtschek.Services.Data", "Boardtschek.Services.Data\Boardtschek.Services.Data.csproj", "{6A33E353-BAEF-4884-858C-1E523C57A150}"
EndProject
Project("{FAE04EC0-301F-11D3-BF4B-00C04F79EFBC}") = "Boardtschek.WebAPI.Infrastructure", "Boardtschek.WebAPI.Infrastructure\Boardtschek.WebAPI.Infrastructure.csproj", "{B0CCABE7-C23F-4C18-8088-3CFFD142DB04}"
EndProject
Global
	GlobalSection(SolutionConfigurationPlatforms) = preSolution
		Debug|Any CPU = Debug|Any CPU
		Release|Any CPU = Release|Any CPU
	EndGlobalSection
	GlobalSection(ProjectConfigurationPlatforms) = postSolution
		{073C3901-F353-4DA7-9A66-00AA9887D4BE}.Debug|Any CPU.ActiveCfg = Debug|Any CPU
		{073C3901-F353-4DA7-9A66-00AA9887D4BE}.Debug|Any CPU.Build.0 = Debug|Any CPU
		{073C3901-F353-4DA7-9A66-00AA9887D4BE}.Release|Any CPU.ActiveCfg = Release|Any CPU
		{073C3901-F353-4DA7-9A66-00AA9887D4BE}.Release|Any CPU.Build.0 = Release|Any CPU
		{BF6A248A-31EC-4988-AB9D-1772C86A0084}.Debug|Any CPU.ActiveCfg = Debug|Any CPU
		{BF6A248A-31EC-4988-AB9D-1772C86A0084}.Debug|Any CPU.Build.0 = Debug|Any CPU
		{BF6A248A-31EC-4988-AB9D-1772C86A0084}.Release|Any CPU.ActiveCfg = Release|Any CPU
		{BF6A248A-31EC-4988-AB9D-1772C86A0084}.Release|Any CPU.Build.0 = Release|Any CPU
		{3E50551F-0BCE-4DBF-BF6B-A231176513EE}.Debug|Any CPU.ActiveCfg = Debug|Any CPU
		{3E50551F-0BCE-4DBF-BF6B-A231176513EE}.Debug|Any CPU.Build.0 = Debug|Any CPU
		{3E50551F-0BCE-4DBF-BF6B-A231176513EE}.Release|Any CPU.ActiveCfg = Release|Any CPU
		{3E50551F-0BCE-4DBF-BF6B-A231176513EE}.Release|Any CPU.Build.0 = Release|Any CPU
		{D8D479BB-F7E5-4420-B71E-B7D7968B046A}.Debug|Any CPU.ActiveCfg = Debug|Any CPU
		{D8D479BB-F7E5-4420-B71E-B7D7968B046A}.Debug|Any CPU.Build.0 = Debug|Any CPU
		{D8D479BB-F7E5-4420-B71E-B7D7968B046A}.Release|Any CPU.ActiveCfg = Release|Any CPU
		{D8D479BB-F7E5-4420-B71E-B7D7968B046A}.Release|Any CPU.Build.0 = Release|Any CPU
		{19286527-B8AB-4714-8200-088ED0185C65}.Debug|Any CPU.ActiveCfg = Debug|Any CPU
		{19286527-B8AB-4714-8200-088ED0185C65}.Debug|Any CPU.Build.0 = Debug|Any CPU
		{19286527-B8AB-4714-8200-088ED0185C65}.Release|Any CPU.ActiveCfg = Release|Any CPU
		{19286527-B8AB-4714-8200-088ED0185C65}.Release|Any CPU.Build.0 = Release|Any CPU
		{6A33E353-BAEF-4884-858C-1E523C57A150}.Debug|Any CPU.ActiveCfg = Debug|Any CPU
		{6A33E353-BAEF-4884-858C-1E523C57A150}.Debug|Any CPU.Build.0 = Debug|Any CPU
		{6A33E353-BAEF-4884-858C-1E523C57A150}.Release|Any CPU.ActiveCfg = Release|Any CPU
		{6A33E353-BAEF-4884-858C-1E523C57A150}.Release|Any CPU.Build.0 = Release|Any CPU
		{B0CCABE7-C23F-4C18-8088-3CFFD142DB04}.Debug|Any CPU.ActiveCfg = Debug|Any CPU
		{B0CCABE7-C23F-4C18-8088-3CFFD142DB04}.Debug|Any CPU.Build.0 = Debug|Any CPU
		{B0CCABE7-C23F-4C18-8088-3CFFD142DB04}.Release|Any CPU.ActiveCfg = Release|Any CPU
		{B0CCABE7-C23F-4C18-8088-3CFFD142DB04}.Release|Any CPU.Build.0 = Release|Any CPU
	EndGlobalSection
	GlobalSection(SolutionProperties) = preSolution
		HideSolutionNode = FALSE
	EndGlobalSection
	GlobalSection(NestedProjects) = preSolution
		{073C3901-F353-4DA7-9A66-00AA9887D4BE} = {75CCB690-29E8-4A30-A8E0-5637E8E4FDD4}
		{BF6A248A-31EC-4988-AB9D-1772C86A0084} = {6E4ED113-9A2C-46EB-861E-89E5E264D214}
		{3E50551F-0BCE-4DBF-BF6B-A231176513EE} = {6E4ED113-9A2C-46EB-861E-89E5E264D214}
		{19286527-B8AB-4714-8200-088ED0185C65} = {75CCB690-29E8-4A30-A8E0-5637E8E4FDD4}
		{6A33E353-BAEF-4884-858C-1E523C57A150} = {C97703CC-7291-43BE-BC23-95AB3C145812}
		{B0CCABE7-C23F-4C18-8088-3CFFD142DB04} = {75CCB690-29E8-4A30-A8E0-5637E8E4FDD4}
	EndGlobalSection
	GlobalSection(ExtensibilityGlobals) = postSolution
		SolutionGuid = {5C4854FC-6D7A-4F98-94AA-B66381C0E375}
	EndGlobalSection
EndGlobal
